
Microsoft Visual Studio Solution File, Format Version 12.00
# Visual Studio 15
VisualStudioVersion = 15.0.26730.12
MinimumVisualStudioVersion = 10.0.40219.1
Project("{FAE04EC0-301F-11D3-BF4B-00C04F79EFBC}") = "DockerConsoleApp", "DockerConsoleApp\DockerConsoleApp.csproj", "{A565A9F9-5F17-42AB-B9A5-9B90A413AE6C}"
EndProject
Project("{E53339B2-1760-4266-BCC7-CA923CBCF16C}") = "docker-compose", "docker-compose.dcproj", "{0678D0C5-94FB-4BBA-9FF8-D175D2ABA8D6}"
EndProject
Global
	GlobalSection(SolutionConfigurationPlatforms) = preSolution
		Debug|Any CPU = Debug|Any CPU
		Release|Any CPU = Release|Any CPU
	EndGlobalSection
	GlobalSection(ProjectConfigurationPlatforms) = postSolution
		{A565A9F9-5F17-42AB-B9A5-9B90A413AE6C}.Debug|Any CPU.ActiveCfg = Debug|Any CPU
		{A565A9F9-5F17-42AB-B9A5-9B90A413AE6C}.Debug|Any CPU.Build.0 = Debug|Any CPU
		{A565A9F9-5F17-42AB-B9A5-9B90A413AE6C}.Release|Any CPU.ActiveCfg = Release|Any CPU
		{A565A9F9-5F17-42AB-B9A5-9B90A413AE6C}.Release|Any CPU.Build.0 = Release|Any CPU
		{0678D0C5-94FB-4BBA-9FF8-D175D2ABA8D6}.Debug|Any CPU.ActiveCfg = Debug|Any CPU
		{0678D0C5-94FB-4BBA-9FF8-D175D2ABA8D6}.Debug|Any CPU.Build.0 = Debug|Any CPU
		{0678D0C5-94FB-4BBA-9FF8-D175D2ABA8D6}.Release|Any CPU.ActiveCfg = Release|Any CPU
		{0678D0C5-94FB-4BBA-9FF8-D175D2ABA8D6}.Release|Any CPU.Build.0 = Release|Any CPU
	EndGlobalSection
	GlobalSection(SolutionProperties) = preSolution
		HideSolutionNode = FALSE
	EndGlobalSection
	GlobalSection(ExtensibilityGlobals) = postSolution
		SolutionGuid = {2019FB94-BBEC-4283-8C3A-D6534B3B1A73}
	EndGlobalSection
EndGlobal
